
Microsoft Visual Studio Solution File, Format Version 12.00
# Visual Studio Version 16
VisualStudioVersion = 16.0.30330.147
MinimumVisualStudioVersion = 10.0.40219.1
Project("{F184B08F-C81C-45F6-A57F-5ABD9991F28F}") = "LocalIncomes", "LocalIncomes\LocalIncomes.vbproj", "{7D466164-F09D-4E18-9A34-09319BEDFB30}"
EndProject
Project("{F184B08F-C81C-45F6-A57F-5ABD9991F28F}") = "QueriesProcess", "QueriesProcess\QueriesProcess.vbproj", "{C4457781-9EFC-44A8-A95F-C8AF34F1F4B0}"
EndProject
Project("{F184B08F-C81C-45F6-A57F-5ABD9991F28F}") = "Accounting", "AppNet.Accounting\Accounting.vbproj", "{E7CD8963-F71C-4A45-8798-477990E2991F}"
EndProject
Project("{F184B08F-C81C-45F6-A57F-5ABD9991F28F}") = "Controlling", "AppNet.Controlling\Controlling.vbproj", "{81069BE1-7B9A-4944-B755-BABA7D6C6352}"
EndProject
Project("{F184B08F-C81C-45F6-A57F-5ABD9991F28F}") = "DataProcessing", "AppNet.DataProcessing\DataProcessing.vbproj", "{39F6B59F-2F04-4031-8DB0-72A255417784}"
EndProject
Project("{F184B08F-C81C-45F6-A57F-5ABD9991F28F}") = "Notifications", "AppNet.Notificaciones\Notifications.vbproj", "{204ECBC9-52F1-4F34-B250-47964442AF9C}"
EndProject
Project("{F184B08F-C81C-45F6-A57F-5ABD9991F28F}") = "Operaciones", "AppNet.Operaciones\Operaciones.vbproj", "{468CC86D-B01C-4E77-A47B-11822671E779}"
	ProjectSection(ProjectDependencies) = postProject
		{769E7877-C4DC-4BAE-A4C3-D5241EC1AE69} = {769E7877-C4DC-4BAE-A4C3-D5241EC1AE69}
	EndProjectSection
EndProject
Project("{F184B08F-C81C-45F6-A57F-5ABD9991F28F}") = "WebServices", "AppNet.WebServices\WebServices.vbproj", "{769E7877-C4DC-4BAE-A4C3-D5241EC1AE69}"
EndProject
Project("{F184B08F-C81C-45F6-A57F-5ABD9991F28F}") = "FixingAccessFile", "FixingAccessFile\FixingAccessFile.vbproj", "{D4321320-36D5-42CF-80B1-F5CDC634FDE4}"
EndProject
Project("{F184B08F-C81C-45F6-A57F-5ABD9991F28F}") = "OutlookAddIn.Macrobot", "OutlookAddIn.Macrobot\OutlookAddIn.Macrobot.vbproj", "{76F3A625-4F02-4C23-918C-0CA8D5B22721}"
EndProject
Project("{F184B08F-C81C-45F6-A57F-5ABD9991F28F}") = "OutlookAddIn.Paybot", "OutlookAddIn.Paybot\OutlookAddIn.Paybot.vbproj", "{E4002630-E336-483E-B1AE-A6A336CAF185}"
EndProject
Project("{F184B08F-C81C-45F6-A57F-5ABD9991F28F}") = "OutlookAddIn.Robot-PE", "OutlookAddIn.Robot\OutlookAddIn.Robot-PE.vbproj", "{3E03C398-3A90-49F0-BFD5-F339D5CFD8A2}"
EndProject
Project("{F184B08F-C81C-45F6-A57F-5ABD9991F28F}") = "OutlookAddIn.Robot-EC", "OutlookAddIn.Robot-EC\OutlookAddIn.Robot-EC.vbproj", "{BE349DF6-1B1B-4231-9744-4A9356BE4F52}"
EndProject
Project("{F184B08F-C81C-45F6-A57F-5ABD9991F28F}") = "OutlookAddIn.Robot-CO", "OutlookAddIn.Robot-CO\OutlookAddIn.Robot-CO.vbproj", "{86C5A29C-F090-47DB-8B76-4EA642DF1C68}"
EndProject
Project("{F184B08F-C81C-45F6-A57F-5ABD9991F28F}") = "OutlookAddIn.Robot-CR", "OutlookAddIn.Robot-CR\OutlookAddIn.Robot-CR.vbproj", "{B69C00BB-927D-4DA7-AA1C-6422016FB63D}"
EndProject
Project("{F184B08F-C81C-45F6-A57F-5ABD9991F28F}") = "OutlookAddIn.Robot-GT", "OutlookAddIn.Robot-GT\OutlookAddIn.Robot-GT.vbproj", "{13D7374A-486A-4133-8015-332ED80DC170}"
EndProject
Project("{F184B08F-C81C-45F6-A57F-5ABD9991F28F}") = "ExcelAddIn.Customizations", "ExcelAddIn.Customizations\ExcelAddIn.Customizations.vbproj", "{23424E71-4B7E-40D3-88EF-E46CDD0FBE36}"
EndProject
Global
	GlobalSection(SolutionConfigurationPlatforms) = preSolution
		Debug|Any CPU = Debug|Any CPU
		Debug|x86 = Debug|x86
		Release|Any CPU = Release|Any CPU
		Release|x86 = Release|x86
	EndGlobalSection
	GlobalSection(ProjectConfigurationPlatforms) = postSolution
		{7D466164-F09D-4E18-9A34-09319BEDFB30}.Debug|Any CPU.ActiveCfg = Debug|Any CPU
		{7D466164-F09D-4E18-9A34-09319BEDFB30}.Debug|Any CPU.Build.0 = Debug|Any CPU
		{7D466164-F09D-4E18-9A34-09319BEDFB30}.Debug|x86.ActiveCfg = Debug|Any CPU
		{7D466164-F09D-4E18-9A34-09319BEDFB30}.Debug|x86.Build.0 = Debug|Any CPU
		{7D466164-F09D-4E18-9A34-09319BEDFB30}.Release|Any CPU.ActiveCfg = Release|Any CPU
		{7D466164-F09D-4E18-9A34-09319BEDFB30}.Release|Any CPU.Build.0 = Release|Any CPU
		{7D466164-F09D-4E18-9A34-09319BEDFB30}.Release|x86.ActiveCfg = Release|Any CPU
		{7D466164-F09D-4E18-9A34-09319BEDFB30}.Release|x86.Build.0 = Release|Any CPU
		{C4457781-9EFC-44A8-A95F-C8AF34F1F4B0}.Debug|Any CPU.ActiveCfg = Debug|Any CPU
		{C4457781-9EFC-44A8-A95F-C8AF34F1F4B0}.Debug|Any CPU.Build.0 = Debug|Any CPU
		{C4457781-9EFC-44A8-A95F-C8AF34F1F4B0}.Debug|x86.ActiveCfg = Debug|Any CPU
		{C4457781-9EFC-44A8-A95F-C8AF34F1F4B0}.Debug|x86.Build.0 = Debug|Any CPU
		{C4457781-9EFC-44A8-A95F-C8AF34F1F4B0}.Release|Any CPU.ActiveCfg = Release|Any CPU
		{C4457781-9EFC-44A8-A95F-C8AF34F1F4B0}.Release|Any CPU.Build.0 = Release|Any CPU
		{C4457781-9EFC-44A8-A95F-C8AF34F1F4B0}.Release|x86.ActiveCfg = Release|Any CPU
		{C4457781-9EFC-44A8-A95F-C8AF34F1F4B0}.Release|x86.Build.0 = Release|Any CPU
		{E7CD8963-F71C-4A45-8798-477990E2991F}.Debug|Any CPU.ActiveCfg = Debug|Any CPU
		{E7CD8963-F71C-4A45-8798-477990E2991F}.Debug|Any CPU.Build.0 = Debug|Any CPU
		{E7CD8963-F71C-4A45-8798-477990E2991F}.Debug|x86.ActiveCfg = Debug|Any CPU
		{E7CD8963-F71C-4A45-8798-477990E2991F}.Debug|x86.Build.0 = Debug|Any CPU
		{E7CD8963-F71C-4A45-8798-477990E2991F}.Release|Any CPU.ActiveCfg = Release|Any CPU
		{E7CD8963-F71C-4A45-8798-477990E2991F}.Release|Any CPU.Build.0 = Release|Any CPU
		{E7CD8963-F71C-4A45-8798-477990E2991F}.Release|x86.ActiveCfg = Release|Any CPU
		{E7CD8963-F71C-4A45-8798-477990E2991F}.Release|x86.Build.0 = Release|Any CPU
		{81069BE1-7B9A-4944-B755-BABA7D6C6352}.Debug|Any CPU.ActiveCfg = Debug|Any CPU
		{81069BE1-7B9A-4944-B755-BABA7D6C6352}.Debug|Any CPU.Build.0 = Debug|Any CPU
		{81069BE1-7B9A-4944-B755-BABA7D6C6352}.Debug|x86.ActiveCfg = Debug|Any CPU
		{81069BE1-7B9A-4944-B755-BABA7D6C6352}.Debug|x86.Build.0 = Debug|Any CPU
		{81069BE1-7B9A-4944-B755-BABA7D6C6352}.Release|Any CPU.ActiveCfg = Release|Any CPU
		{81069BE1-7B9A-4944-B755-BABA7D6C6352}.Release|Any CPU.Build.0 = Release|Any CPU
		{81069BE1-7B9A-4944-B755-BABA7D6C6352}.Release|x86.ActiveCfg = Release|Any CPU
		{81069BE1-7B9A-4944-B755-BABA7D6C6352}.Release|x86.Build.0 = Release|Any CPU
		{39F6B59F-2F04-4031-8DB0-72A255417784}.Debug|Any CPU.ActiveCfg = Debug|Any CPU
		{39F6B59F-2F04-4031-8DB0-72A255417784}.Debug|Any CPU.Build.0 = Debug|Any CPU
		{39F6B59F-2F04-4031-8DB0-72A255417784}.Debug|x86.ActiveCfg = Debug|Any CPU
		{39F6B59F-2F04-4031-8DB0-72A255417784}.Debug|x86.Build.0 = Debug|Any CPU
		{39F6B59F-2F04-4031-8DB0-72A255417784}.Release|Any CPU.ActiveCfg = Release|Any CPU
		{39F6B59F-2F04-4031-8DB0-72A255417784}.Release|Any CPU.Build.0 = Release|Any CPU
		{39F6B59F-2F04-4031-8DB0-72A255417784}.Release|x86.ActiveCfg = Release|Any CPU
		{39F6B59F-2F04-4031-8DB0-72A255417784}.Release|x86.Build.0 = Release|Any CPU
		{204ECBC9-52F1-4F34-B250-47964442AF9C}.Debug|Any CPU.ActiveCfg = Debug|Any CPU
		{204ECBC9-52F1-4F34-B250-47964442AF9C}.Debug|Any CPU.Build.0 = Debug|Any CPU
		{204ECBC9-52F1-4F34-B250-47964442AF9C}.Debug|x86.ActiveCfg = Debug|Any CPU
		{204ECBC9-52F1-4F34-B250-47964442AF9C}.Debug|x86.Build.0 = Debug|Any CPU
		{204ECBC9-52F1-4F34-B250-47964442AF9C}.Release|Any CPU.ActiveCfg = Release|Any CPU
		{204ECBC9-52F1-4F34-B250-47964442AF9C}.Release|Any CPU.Build.0 = Release|Any CPU
		{204ECBC9-52F1-4F34-B250-47964442AF9C}.Release|x86.ActiveCfg = Release|Any CPU
		{204ECBC9-52F1-4F34-B250-47964442AF9C}.Release|x86.Build.0 = Release|Any CPU
		{468CC86D-B01C-4E77-A47B-11822671E779}.Debug|Any CPU.ActiveCfg = Debug|Any CPU
		{468CC86D-B01C-4E77-A47B-11822671E779}.Debug|Any CPU.Build.0 = Debug|Any CPU
		{468CC86D-B01C-4E77-A47B-11822671E779}.Debug|x86.ActiveCfg = Debug|Any CPU
		{468CC86D-B01C-4E77-A47B-11822671E779}.Debug|x86.Build.0 = Debug|Any CPU
		{468CC86D-B01C-4E77-A47B-11822671E779}.Release|Any CPU.ActiveCfg = Release|Any CPU
		{468CC86D-B01C-4E77-A47B-11822671E779}.Release|Any CPU.Build.0 = Release|Any CPU
		{468CC86D-B01C-4E77-A47B-11822671E779}.Release|x86.ActiveCfg = Release|Any CPU
		{468CC86D-B01C-4E77-A47B-11822671E779}.Release|x86.Build.0 = Release|Any CPU
		{769E7877-C4DC-4BAE-A4C3-D5241EC1AE69}.Debug|Any CPU.ActiveCfg = Debug|Any CPU
		{769E7877-C4DC-4BAE-A4C3-D5241EC1AE69}.Debug|Any CPU.Build.0 = Debug|Any CPU
		{769E7877-C4DC-4BAE-A4C3-D5241EC1AE69}.Debug|x86.ActiveCfg = Debug|Any CPU
		{769E7877-C4DC-4BAE-A4C3-D5241EC1AE69}.Debug|x86.Build.0 = Debug|Any CPU
		{769E7877-C4DC-4BAE-A4C3-D5241EC1AE69}.Release|Any CPU.ActiveCfg = Release|Any CPU
		{769E7877-C4DC-4BAE-A4C3-D5241EC1AE69}.Release|Any CPU.Build.0 = Release|Any CPU
		{769E7877-C4DC-4BAE-A4C3-D5241EC1AE69}.Release|x86.ActiveCfg = Release|Any CPU
		{769E7877-C4DC-4BAE-A4C3-D5241EC1AE69}.Release|x86.Build.0 = Release|Any CPU
		{D4321320-36D5-42CF-80B1-F5CDC634FDE4}.Debug|Any CPU.ActiveCfg = Debug|Any CPU
		{D4321320-36D5-42CF-80B1-F5CDC634FDE4}.Debug|Any CPU.Build.0 = Debug|Any CPU
		{D4321320-36D5-42CF-80B1-F5CDC634FDE4}.Debug|x86.ActiveCfg = Debug|Any CPU
		{D4321320-36D5-42CF-80B1-F5CDC634FDE4}.Debug|x86.Build.0 = Debug|Any CPU
		{D4321320-36D5-42CF-80B1-F5CDC634FDE4}.Release|Any CPU.ActiveCfg = Release|Any CPU
		{D4321320-36D5-42CF-80B1-F5CDC634FDE4}.Release|Any CPU.Build.0 = Release|Any CPU
		{D4321320-36D5-42CF-80B1-F5CDC634FDE4}.Release|x86.ActiveCfg = Release|Any CPU
		{D4321320-36D5-42CF-80B1-F5CDC634FDE4}.Release|x86.Build.0 = Release|Any CPU
		{76F3A625-4F02-4C23-918C-0CA8D5B22721}.Debug|Any CPU.ActiveCfg = Debug|Any CPU
		{76F3A625-4F02-4C23-918C-0CA8D5B22721}.Debug|Any CPU.Build.0 = Debug|Any CPU
		{76F3A625-4F02-4C23-918C-0CA8D5B22721}.Debug|x86.ActiveCfg = Debug|Any CPU
		{76F3A625-4F02-4C23-918C-0CA8D5B22721}.Debug|x86.Build.0 = Debug|Any CPU
		{76F3A625-4F02-4C23-918C-0CA8D5B22721}.Release|Any CPU.ActiveCfg = Release|Any CPU
		{76F3A625-4F02-4C23-918C-0CA8D5B22721}.Release|Any CPU.Build.0 = Release|Any CPU
		{76F3A625-4F02-4C23-918C-0CA8D5B22721}.Release|x86.ActiveCfg = Release|Any CPU
		{76F3A625-4F02-4C23-918C-0CA8D5B22721}.Release|x86.Build.0 = Release|Any CPU
		{E4002630-E336-483E-B1AE-A6A336CAF185}.Debug|Any CPU.ActiveCfg = Debug|Any CPU
		{E4002630-E336-483E-B1AE-A6A336CAF185}.Debug|Any CPU.Build.0 = Debug|Any CPU
		{E4002630-E336-483E-B1AE-A6A336CAF185}.Debug|x86.ActiveCfg = Debug|x86
		{E4002630-E336-483E-B1AE-A6A336CAF185}.Debug|x86.Build.0 = Debug|x86
		{E4002630-E336-483E-B1AE-A6A336CAF185}.Release|Any CPU.ActiveCfg = Release|Any CPU
		{E4002630-E336-483E-B1AE-A6A336CAF185}.Release|Any CPU.Build.0 = Release|Any CPU
		{E4002630-E336-483E-B1AE-A6A336CAF185}.Release|x86.ActiveCfg = Release|x86
		{E4002630-E336-483E-B1AE-A6A336CAF185}.Release|x86.Build.0 = Release|x86
		{3E03C398-3A90-49F0-BFD5-F339D5CFD8A2}.Debug|Any CPU.ActiveCfg = Debug|Any CPU
		{3E03C398-3A90-49F0-BFD5-F339D5CFD8A2}.Debug|Any CPU.Build.0 = Debug|Any CPU
		{3E03C398-3A90-49F0-BFD5-F339D5CFD8A2}.Debug|x86.ActiveCfg = Debug|Any CPU
		{3E03C398-3A90-49F0-BFD5-F339D5CFD8A2}.Debug|x86.Build.0 = Debug|Any CPU
		{3E03C398-3A90-49F0-BFD5-F339D5CFD8A2}.Release|Any CPU.ActiveCfg = Release|Any CPU
		{3E03C398-3A90-49F0-BFD5-F339D5CFD8A2}.Release|Any CPU.Build.0 = Release|Any CPU
		{3E03C398-3A90-49F0-BFD5-F339D5CFD8A2}.Release|x86.ActiveCfg = Release|Any CPU
		{3E03C398-3A90-49F0-BFD5-F339D5CFD8A2}.Release|x86.Build.0 = Release|Any CPU
		{BE349DF6-1B1B-4231-9744-4A9356BE4F52}.Debug|Any CPU.ActiveCfg = Debug|Any CPU
		{BE349DF6-1B1B-4231-9744-4A9356BE4F52}.Debug|Any CPU.Build.0 = Debug|Any CPU
		{BE349DF6-1B1B-4231-9744-4A9356BE4F52}.Debug|x86.ActiveCfg = Debug|Any CPU
		{BE349DF6-1B1B-4231-9744-4A9356BE4F52}.Debug|x86.Build.0 = Debug|Any CPU
		{BE349DF6-1B1B-4231-9744-4A9356BE4F52}.Release|Any CPU.ActiveCfg = Release|Any CPU
		{BE349DF6-1B1B-4231-9744-4A9356BE4F52}.Release|Any CPU.Build.0 = Release|Any CPU
		{BE349DF6-1B1B-4231-9744-4A9356BE4F52}.Release|x86.ActiveCfg = Release|Any CPU
		{BE349DF6-1B1B-4231-9744-4A9356BE4F52}.Release|x86.Build.0 = Release|Any CPU
		{86C5A29C-F090-47DB-8B76-4EA642DF1C68}.Debug|Any CPU.ActiveCfg = Debug|Any CPU
		{86C5A29C-F090-47DB-8B76-4EA642DF1C68}.Debug|Any CPU.Build.0 = Debug|Any CPU
		{86C5A29C-F090-47DB-8B76-4EA642DF1C68}.Debug|x86.ActiveCfg = Debug|Any CPU
		{86C5A29C-F090-47DB-8B76-4EA642DF1C68}.Debug|x86.Build.0 = Debug|Any CPU
		{86C5A29C-F090-47DB-8B76-4EA642DF1C68}.Release|Any CPU.ActiveCfg = Release|Any CPU
		{86C5A29C-F090-47DB-8B76-4EA642DF1C68}.Release|Any CPU.Build.0 = Release|Any CPU
		{86C5A29C-F090-47DB-8B76-4EA642DF1C68}.Release|x86.ActiveCfg = Release|Any CPU
		{86C5A29C-F090-47DB-8B76-4EA642DF1C68}.Release|x86.Build.0 = Release|Any CPU
		{B69C00BB-927D-4DA7-AA1C-6422016FB63D}.Debug|Any CPU.ActiveCfg = Debug|Any CPU
		{B69C00BB-927D-4DA7-AA1C-6422016FB63D}.Debug|Any CPU.Build.0 = Debug|Any CPU
		{B69C00BB-927D-4DA7-AA1C-6422016FB63D}.Debug|x86.ActiveCfg = Debug|Any CPU
		{B69C00BB-927D-4DA7-AA1C-6422016FB63D}.Debug|x86.Build.0 = Debug|Any CPU
		{B69C00BB-927D-4DA7-AA1C-6422016FB63D}.Release|Any CPU.ActiveCfg = Release|Any CPU
		{B69C00BB-927D-4DA7-AA1C-6422016FB63D}.Release|Any CPU.Build.0 = Release|Any CPU
		{B69C00BB-927D-4DA7-AA1C-6422016FB63D}.Release|x86.ActiveCfg = Release|Any CPU
		{B69C00BB-927D-4DA7-AA1C-6422016FB63D}.Release|x86.Build.0 = Release|Any CPU
		{13D7374A-486A-4133-8015-332ED80DC170}.Debug|Any CPU.ActiveCfg = Debug|Any CPU
		{13D7374A-486A-4133-8015-332ED80DC170}.Debug|Any CPU.Build.0 = Debug|Any CPU
		{13D7374A-486A-4133-8015-332ED80DC170}.Debug|x86.ActiveCfg = Debug|Any CPU
		{13D7374A-486A-4133-8015-332ED80DC170}.Debug|x86.Build.0 = Debug|Any CPU
		{13D7374A-486A-4133-8015-332ED80DC170}.Release|Any CPU.ActiveCfg = Release|Any CPU
		{13D7374A-486A-4133-8015-332ED80DC170}.Release|Any CPU.Build.0 = Release|Any CPU
		{13D7374A-486A-4133-8015-332ED80DC170}.Release|x86.ActiveCfg = Release|Any CPU
		{13D7374A-486A-4133-8015-332ED80DC170}.Release|x86.Build.0 = Release|Any CPU
		{23424E71-4B7E-40D3-88EF-E46CDD0FBE36}.Debug|Any CPU.ActiveCfg = Debug|Any CPU
		{23424E71-4B7E-40D3-88EF-E46CDD0FBE36}.Debug|Any CPU.Build.0 = Debug|Any CPU
		{23424E71-4B7E-40D3-88EF-E46CDD0FBE36}.Debug|x86.ActiveCfg = Debug|Any CPU
		{23424E71-4B7E-40D3-88EF-E46CDD0FBE36}.Debug|x86.Build.0 = Debug|Any CPU
		{23424E71-4B7E-40D3-88EF-E46CDD0FBE36}.Release|Any CPU.ActiveCfg = Release|Any CPU
		{23424E71-4B7E-40D3-88EF-E46CDD0FBE36}.Release|Any CPU.Build.0 = Release|Any CPU
		{23424E71-4B7E-40D3-88EF-E46CDD0FBE36}.Release|x86.ActiveCfg = Release|Any CPU
		{23424E71-4B7E-40D3-88EF-E46CDD0FBE36}.Release|x86.Build.0 = Release|Any CPU
	EndGlobalSection
	GlobalSection(SolutionProperties) = preSolution
		HideSolutionNode = FALSE
	EndGlobalSection
	GlobalSection(ExtensibilityGlobals) = postSolution
		SolutionGuid = {05F1FE19-E4ED-475B-ADB0-04DBE3AC0883}
	EndGlobalSection
EndGlobal
